
Microsoft Visual Studio Solution File, Format Version 12.00
# Visual Studio 15
VisualStudioVersion = 15.0.26430.15
MinimumVisualStudioVersion = 10.0.40219.1
Project("{9092AA53-FB77-4645-B42D-1CCCA6BD08BD}") = "gifbot", "gifbot\gifbot.njsproj", "{58E2C0DA-1689-488D-904F-BDB1614639BC}"
EndProject
Global
	GlobalSection(SolutionConfigurationPlatforms) = preSolution
		Debug|Any CPU = Debug|Any CPU
		Release|Any CPU = Release|Any CPU
	EndGlobalSection
	GlobalSection(ProjectConfigurationPlatforms) = postSolution
		{58E2C0DA-1689-488D-904F-BDB1614639BC}.Debug|Any CPU.ActiveCfg = Debug|Any CPU
		{58E2C0DA-1689-488D-904F-BDB1614639BC}.Debug|Any CPU.Build.0 = Debug|Any CPU
		{58E2C0DA-1689-488D-904F-BDB1614639BC}.Release|Any CPU.ActiveCfg = Release|Any CPU
		{58E2C0DA-1689-488D-904F-BDB1614639BC}.Release|Any CPU.Build.0 = Release|Any CPU
	EndGlobalSection
	GlobalSection(SolutionProperties) = preSolution
		HideSolutionNode = FALSE
	EndGlobalSection
EndGlobal
